// !$*UTF8*$!
{
	archiveVersion = 1;
	classes = {
	};
	objectVersion = 77;
	objects = {

/* Begin PBXBuildFile section */
		723F5CFB2E9B75D500E6AA23 /* AppText.swift in Sources */ = {isa = PBXBuildFile; fileRef = 723F5CFA2E9B75D500E6AA23 /* AppText.swift */; };
		723F5CFD2E9B767B00E6AA23 /* ButtonTitle.swift in Sources */ = {isa = PBXBuildFile; fileRef = 723F5CFC2E9B767B00E6AA23 /* ButtonTitle.swift */; };
		723F5D012E9B772E00E6AA23 /* CommonText.swift in Sources */ = {isa = PBXBuildFile; fileRef = 723F5D002E9B772E00E6AA23 /* CommonText.swift */; };
		723F5D042E9B77A400E6AA23 /* Font.swift in Sources */ = {isa = PBXBuildFile; fileRef = 723F5D032E9B77A400E6AA23 /* Font.swift */; };
		723F5D072E9B77FF00E6AA23 /* CustomFontModifier.swift in Sources */ = {isa = PBXBuildFile; fileRef = 723F5D062E9B77FF00E6AA23 /* CustomFontModifier.swift */; };
		723F5D0A2E9B79EA00E6AA23 /* Image+Extension.swift in Sources */ = {isa = PBXBuildFile; fileRef = 723F5D092E9B79EA00E6AA23 /* Image+Extension.swift */; };
		723F5D0D2E9B7A6600E6AA23 /* CommonButton.swift in Sources */ = {isa = PBXBuildFile; fileRef = 723F5D0C2E9B7A6600E6AA23 /* CommonButton.swift */; };
		723F5D0F2E9B828E00E6AA23 /* OnboardingReducer.swift in Sources */ = {isa = PBXBuildFile; fileRef = 723F5D0E2E9B828E00E6AA23 /* OnboardingReducer.swift */; };
		723F5D142E9B8A2F00E6AA23 /* PermissionView.swift in Sources */ = {isa = PBXBuildFile; fileRef = 723F5D132E9B8A2F00E6AA23 /* PermissionView.swift */; };
		723F5D172E9BD2C700E6AA23 /* PermissionExplainView.swift in Sources */ = {isa = PBXBuildFile; fileRef = 723F5D162E9BD2C700E6AA23 /* PermissionExplainView.swift */; };
		723F5D192E9CBF9300E6AA23 /* PermissionReducer.swift in Sources */ = {isa = PBXBuildFile; fileRef = 723F5D182E9CBF9300E6AA23 /* PermissionReducer.swift */; };
		723F5D1B2E9D2AC900E6AA23 /* CustomNavigationBarModifier.swift in Sources */ = {isa = PBXBuildFile; fileRef = 723F5D1A2E9D2AC900E6AA23 /* CustomNavigationBarModifier.swift */; };
		7289FCB62E98CA5400595EF7 /* LockRunApp.swift in Sources */ = {isa = PBXBuildFile; fileRef = 7289FCB22E98CA5400595EF7 /* LockRunApp.swift */; };
		7289FCB72E98CA5400595EF7 /* Assets.xcassets in Resources */ = {isa = PBXBuildFile; fileRef = 7289FCAF2E98CA5400595EF7 /* Assets.xcassets */; };
		7289FCCB2E98CAF600595EF7 /* LocationManager.swift in Sources */ = {isa = PBXBuildFile; fileRef = 7289FCCA2E98CAF600595EF7 /* LocationManager.swift */; };
		7289FCF42E98DC6B00595EF7 /* DeviceActivity.framework in Frameworks */ = {isa = PBXBuildFile; fileRef = 7289FCF32E98DC6A00595EF7 /* DeviceActivity.framework */; };
		7289FCFC2E98DC6B00595EF7 /* ActivityMo.appex in Embed Foundation Extensions */ = {isa = PBXBuildFile; fileRef = 7289FCF12E98DC6A00595EF7 /* ActivityMo.appex */; settings = {ATTRIBUTES = (RemoveHeadersOnCopy, ); }; };
		7289FD122E98DC8B00595EF7 /* ActivityRe.appex in Embed ExtensionKit Extensions */ = {isa = PBXBuildFile; fileRef = 7289FD062E98DC8B00595EF7 /* ActivityRe.appex */; settings = {ATTRIBUTES = (RemoveHeadersOnCopy, ); }; };
		7289FD1F2E99408500595EF7 /* ComposableArchitecture in Frameworks */ = {isa = PBXBuildFile; productRef = 7289FD1E2E99408500595EF7 /* ComposableArchitecture */; };
		7289FD212E99409B00595EF7 /* OnboardingView.swift in Sources */ = {isa = PBXBuildFile; fileRef = 7289FD202E99409B00595EF7 /* OnboardingView.swift */; };
		72D0D8712EA9F581000F155C /* CalendarRecordView.swift in Sources */ = {isa = PBXBuildFile; fileRef = 72D0D8702EA9F581000F155C /* CalendarRecordView.swift */; };
		72D0D88D2EAB355F000F155C /* ManagedSettings.framework in Frameworks */ = {isa = PBXBuildFile; fileRef = 72D0D88C2EAB355E000F155C /* ManagedSettings.framework */; };
		72D0D88F2EAB355F000F155C /* ManagedSettingsUI.framework in Frameworks */ = {isa = PBXBuildFile; fileRef = 72D0D88E2EAB355F000F155C /* ManagedSettingsUI.framework */; };
		72D0D8972EAB355F000F155C /* ShieldConfiguration.appex in Embed Foundation Extensions */ = {isa = PBXBuildFile; fileRef = 72D0D88B2EAB355E000F155C /* ShieldConfiguration.appex */; settings = {ATTRIBUTES = (RemoveHeadersOnCopy, ); }; };
		72D0D89E2EAB4F8B000F155C /* Assets.xcassets in Resources */ = {isa = PBXBuildFile; fileRef = 7289FCAF2E98CA5400595EF7 /* Assets.xcassets */; };
		72DDBC312EA73CD10020E9C7 /* CustomDivider.swift in Sources */ = {isa = PBXBuildFile; fileRef = 72DDBC302EA73CD10020E9C7 /* CustomDivider.swift */; };
		72DDBC332EA8A04B0020E9C7 /* DateManager.swift in Sources */ = {isa = PBXBuildFile; fileRef = 72DDBC322EA8A04B0020E9C7 /* DateManager.swift */; };
		72DDBC362EA8A2BE0020E9C7 /* CalendarMainView.swift in Sources */ = {isa = PBXBuildFile; fileRef = 72DDBC352EA8A2BE0020E9C7 /* CalendarMainView.swift */; };
		72DDBC382EA8A2D80020E9C7 /* CalendarReducer.swift in Sources */ = {isa = PBXBuildFile; fileRef = 72DDBC372EA8A2D80020E9C7 /* CalendarReducer.swift */; };
		72DDBC3B2EA8A7720020E9C7 /* WeekdayHeaderView.swift in Sources */ = {isa = PBXBuildFile; fileRef = 72DDBC3A2EA8A7720020E9C7 /* WeekdayHeaderView.swift */; };
		72DDBC3D2EA8B1CF0020E9C7 /* DatesGridView.swift in Sources */ = {isa = PBXBuildFile; fileRef = 72DDBC3C2EA8B1CF0020E9C7 /* DatesGridView.swift */; };
		72DDBC4D2EA920C80020E9C7 /* HeaderView.swift in Sources */ = {isa = PBXBuildFile; fileRef = 72DDBC4C2EA920C80020E9C7 /* HeaderView.swift */; };
		72DDBC4F2EA923E20020E9C7 /* CalendarDetailView.swift in Sources */ = {isa = PBXBuildFile; fileRef = 72DDBC4E2EA923E20020E9C7 /* CalendarDetailView.swift */; };
		72DDBC512EA92C350020E9C7 /* YearMonthHeaderView.swift in Sources */ = {isa = PBXBuildFile; fileRef = 72DDBC502EA92C350020E9C7 /* YearMonthHeaderView.swift */; };
		72DDBC532EA92E1E0020E9C7 /* DateChangeReducer.swift in Sources */ = {isa = PBXBuildFile; fileRef = 72DDBC522EA92E1E0020E9C7 /* DateChangeReducer.swift */; };
		72DDBC552EA930160020E9C7 /* DateChangeView.swift in Sources */ = {isa = PBXBuildFile; fileRef = 72DDBC542EA930160020E9C7 /* DateChangeView.swift */; };
		72DDBC572EA934320020E9C7 /* CalendarView.swift in Sources */ = {isa = PBXBuildFile; fileRef = 72DDBC562EA934320020E9C7 /* CalendarView.swift */; };
		72E9AE382E9F6A4C003DB4F6 /* CustomTabbar.swift in Sources */ = {isa = PBXBuildFile; fileRef = 72E9AE372E9F6A4C003DB4F6 /* CustomTabbar.swift */; };
		72E9AE3D2E9F6B70003DB4F6 /* HomeView.swift in Sources */ = {isa = PBXBuildFile; fileRef = 72E9AE3C2E9F6B70003DB4F6 /* HomeView.swift */; };
		72E9AE3F2E9F6B85003DB4F6 /* AnalyzeView.swift in Sources */ = {isa = PBXBuildFile; fileRef = 72E9AE3E2E9F6B85003DB4F6 /* AnalyzeView.swift */; };
		72E9AE412E9F6B8D003DB4F6 /* ProfileView.swift in Sources */ = {isa = PBXBuildFile; fileRef = 72E9AE402E9F6B8D003DB4F6 /* ProfileView.swift */; };
		72E9AE6D2E9F6FB1003DB4F6 /* TabbarReducer.swift in Sources */ = {isa = PBXBuildFile; fileRef = 72E9AE6C2E9F6FB1003DB4F6 /* TabbarReducer.swift */; };
		72E9AE6F2E9F7020003DB4F6 /* TabbarComponent.swift in Sources */ = {isa = PBXBuildFile; fileRef = 72E9AE6E2E9F7020003DB4F6 /* TabbarComponent.swift */; };
		72E9AE722E9F7A0F003DB4F6 /* TabbarContainerView.swift in Sources */ = {isa = PBXBuildFile; fileRef = 72E9AE712E9F7A0F003DB4F6 /* TabbarContainerView.swift */; };
		72E9AE742E9F7B50003DB4F6 /* HomeReducer.swift in Sources */ = {isa = PBXBuildFile; fileRef = 72E9AE732E9F7B50003DB4F6 /* HomeReducer.swift */; };
		72E9AE762E9F7B94003DB4F6 /* AnalyzeReducer.swift in Sources */ = {isa = PBXBuildFile; fileRef = 72E9AE752E9F7B94003DB4F6 /* AnalyzeReducer.swift */; };
		72E9AE782E9F7BAB003DB4F6 /* ProfileReducer.swift in Sources */ = {isa = PBXBuildFile; fileRef = 72E9AE772E9F7BAB003DB4F6 /* ProfileReducer.swift */; };
		72E9AE7A2E9F833B003DB4F6 /* PermissionStatusData.swift in Sources */ = {isa = PBXBuildFile; fileRef = 72E9AE792E9F833B003DB4F6 /* PermissionStatusData.swift */; };
		72E9AE7C2E9F838A003DB4F6 /* SwiftDataDBManager.swift in Sources */ = {isa = PBXBuildFile; fileRef = 72E9AE7B2E9F838A003DB4F6 /* SwiftDataDBManager.swift */; };
		72E9AE7F2EA0DC26003DB4F6 /* RunningGoalCard.swift in Sources */ = {isa = PBXBuildFile; fileRef = 72E9AE7E2EA0DC26003DB4F6 /* RunningGoalCard.swift */; };
		72E9AEA32EA2104D003DB4F6 /* PlanningView.swift in Sources */ = {isa = PBXBuildFile; fileRef = 72E9AEA22EA2104D003DB4F6 /* PlanningView.swift */; };
		72E9AEA52EA21072003DB4F6 /* PlanningReducer.swift in Sources */ = {isa = PBXBuildFile; fileRef = 72E9AEA42EA21072003DB4F6 /* PlanningReducer.swift */; };
		72E9AEA72EA3C9DB003DB4F6 /* AppGroup.swift in Sources */ = {isa = PBXBuildFile; fileRef = 72E9AEA62EA3C9DB003DB4F6 /* AppGroup.swift */; };
		72E9AEA92EA3CA6C003DB4F6 /* StoredBlockSelection.swift in Sources */ = {isa = PBXBuildFile; fileRef = 72E9AEA82EA3CA6C003DB4F6 /* StoredBlockSelection.swift */; };
		72E9AEAB2EA3D0AA003DB4F6 /* DeviceActivityManager.swift in Sources */ = {isa = PBXBuildFile; fileRef = 72E9AEAA2EA3D0AA003DB4F6 /* DeviceActivityManager.swift */; };
		72E9AEAE2EA3E50C003DB4F6 /* StoredBlockSelection.swift in Sources */ = {isa = PBXBuildFile; fileRef = 72E9AEA82EA3CA6C003DB4F6 /* StoredBlockSelection.swift */; };
		72E9AEAF2EA3E58B003DB4F6 /* AppGroup.swift in Sources */ = {isa = PBXBuildFile; fileRef = 72E9AEA62EA3C9DB003DB4F6 /* AppGroup.swift */; };
		72E9AF4C2EA5CCE6003DB4F6 /* LocationClient.swift in Sources */ = {isa = PBXBuildFile; fileRef = 72E9AF4B2EA5CCE6003DB4F6 /* LocationClient.swift */; };
		72E9AF4E2EA5D45C003DB4F6 /* WeatherClient.swift in Sources */ = {isa = PBXBuildFile; fileRef = 72E9AF4D2EA5D45C003DB4F6 /* WeatherClient.swift */; };
		72E9AF512EA6172A003DB4F6 /* RunningGoalData.swift in Sources */ = {isa = PBXBuildFile; fileRef = 72E9AF502EA6172A003DB4F6 /* RunningGoalData.swift */; };
/* End PBXBuildFile section */

/* Begin PBXContainerItemProxy section */
		7289FC842E98B84400595EF7 /* PBXContainerItemProxy */ = {
			isa = PBXContainerItemProxy;
			containerPortal = 7289FC6C2E98B84200595EF7 /* Project object */;
			proxyType = 1;
			remoteGlobalIDString = 7289FC732E98B84200595EF7;
			remoteInfo = LockRun;
		};
		7289FC8E2E98B84400595EF7 /* PBXContainerItemProxy */ = {
			isa = PBXContainerItemProxy;
			containerPortal = 7289FC6C2E98B84200595EF7 /* Project object */;
			proxyType = 1;
			remoteGlobalIDString = 7289FC732E98B84200595EF7;
			remoteInfo = LockRun;
		};
		7289FCFA2E98DC6B00595EF7 /* PBXContainerItemProxy */ = {
			isa = PBXContainerItemProxy;
			containerPortal = 7289FC6C2E98B84200595EF7 /* Project object */;
			proxyType = 1;
			remoteGlobalIDString = 7289FCF02E98DC6A00595EF7;
			remoteInfo = ActivityMo;
		};
		7289FD102E98DC8B00595EF7 /* PBXContainerItemProxy */ = {
			isa = PBXContainerItemProxy;
			containerPortal = 7289FC6C2E98B84200595EF7 /* Project object */;
			proxyType = 1;
			remoteGlobalIDString = 7289FD052E98DC8B00595EF7;
			remoteInfo = ActivityRe;
		};
		72D0D8952EAB355F000F155C /* PBXContainerItemProxy */ = {
			isa = PBXContainerItemProxy;
			containerPortal = 7289FC6C2E98B84200595EF7 /* Project object */;
			proxyType = 1;
			remoteGlobalIDString = 72D0D88A2EAB355E000F155C;
			remoteInfo = ShieldConfiguration;
		};
/* End PBXContainerItemProxy section */

/* Begin PBXCopyFilesBuildPhase section */
		7289FD012E98DC6B00595EF7 /* Embed Foundation Extensions */ = {
			isa = PBXCopyFilesBuildPhase;
			buildActionMask = 2147483647;
			dstPath = "";
			dstSubfolderSpec = 13;
			files = (
				72D0D8972EAB355F000F155C /* ShieldConfiguration.appex in Embed Foundation Extensions */,
				7289FCFC2E98DC6B00595EF7 /* ActivityMo.appex in Embed Foundation Extensions */,
			);
			name = "Embed Foundation Extensions";
			runOnlyForDeploymentPostprocessing = 0;
		};
		7289FD172E98DC8B00595EF7 /* Embed ExtensionKit Extensions */ = {
			isa = PBXCopyFilesBuildPhase;
			buildActionMask = 2147483647;
			dstPath = "$(EXTENSIONS_FOLDER_PATH)";
			dstSubfolderSpec = 16;
			files = (
				7289FD122E98DC8B00595EF7 /* ActivityRe.appex in Embed ExtensionKit Extensions */,
			);
			name = "Embed ExtensionKit Extensions";
			runOnlyForDeploymentPostprocessing = 0;
		};
/* End PBXCopyFilesBuildPhase section */

/* Begin PBXFileReference section */
		723F5CFA2E9B75D500E6AA23 /* AppText.swift */ = {isa = PBXFileReference; lastKnownFileType = sourcecode.swift; path = AppText.swift; sourceTree = "<group>"; };
		723F5CFC2E9B767B00E6AA23 /* ButtonTitle.swift */ = {isa = PBXFileReference; lastKnownFileType = sourcecode.swift; path = ButtonTitle.swift; sourceTree = "<group>"; };
		723F5D002E9B772E00E6AA23 /* CommonText.swift */ = {isa = PBXFileReference; lastKnownFileType = sourcecode.swift; path = CommonText.swift; sourceTree = "<group>"; };
		723F5D032E9B77A400E6AA23 /* Font.swift */ = {isa = PBXFileReference; lastKnownFileType = sourcecode.swift; path = Font.swift; sourceTree = "<group>"; };
		723F5D062E9B77FF00E6AA23 /* CustomFontModifier.swift */ = {isa = PBXFileReference; lastKnownFileType = sourcecode.swift; path = CustomFontModifier.swift; sourceTree = "<group>"; };
		723F5D092E9B79EA00E6AA23 /* Image+Extension.swift */ = {isa = PBXFileReference; lastKnownFileType = sourcecode.swift; path = "Image+Extension.swift"; sourceTree = "<group>"; };
		723F5D0C2E9B7A6600E6AA23 /* CommonButton.swift */ = {isa = PBXFileReference; lastKnownFileType = sourcecode.swift; path = CommonButton.swift; sourceTree = "<group>"; };
		723F5D0E2E9B828E00E6AA23 /* OnboardingReducer.swift */ = {isa = PBXFileReference; lastKnownFileType = sourcecode.swift; path = OnboardingReducer.swift; sourceTree = "<group>"; };
		723F5D132E9B8A2F00E6AA23 /* PermissionView.swift */ = {isa = PBXFileReference; lastKnownFileType = sourcecode.swift; path = PermissionView.swift; sourceTree = "<group>"; };
		723F5D162E9BD2C700E6AA23 /* PermissionExplainView.swift */ = {isa = PBXFileReference; lastKnownFileType = sourcecode.swift; path = PermissionExplainView.swift; sourceTree = "<group>"; };
		723F5D182E9CBF9300E6AA23 /* PermissionReducer.swift */ = {isa = PBXFileReference; lastKnownFileType = sourcecode.swift; path = PermissionReducer.swift; sourceTree = "<group>"; };
		723F5D1A2E9D2AC900E6AA23 /* CustomNavigationBarModifier.swift */ = {isa = PBXFileReference; lastKnownFileType = sourcecode.swift; path = CustomNavigationBarModifier.swift; sourceTree = "<group>"; };
		7289FC742E98B84200595EF7 /* LockRun.app */ = {isa = PBXFileReference; explicitFileType = wrapper.application; includeInIndex = 0; path = LockRun.app; sourceTree = BUILT_PRODUCTS_DIR; };
		7289FC832E98B84400595EF7 /* LockRunTests.xctest */ = {isa = PBXFileReference; explicitFileType = wrapper.cfbundle; includeInIndex = 0; path = LockRunTests.xctest; sourceTree = BUILT_PRODUCTS_DIR; };
		7289FC8D2E98B84400595EF7 /* LockRunUITests.xctest */ = {isa = PBXFileReference; explicitFileType = wrapper.cfbundle; includeInIndex = 0; path = LockRunUITests.xctest; sourceTree = BUILT_PRODUCTS_DIR; };
		7289FCAF2E98CA5400595EF7 /* Assets.xcassets */ = {isa = PBXFileReference; lastKnownFileType = folder.assetcatalog; path = Assets.xcassets; sourceTree = "<group>"; };
		7289FCB22E98CA5400595EF7 /* LockRunApp.swift */ = {isa = PBXFileReference; lastKnownFileType = sourcecode.swift; path = LockRunApp.swift; sourceTree = "<group>"; };
		7289FCCA2E98CAF600595EF7 /* LocationManager.swift */ = {isa = PBXFileReference; lastKnownFileType = sourcecode.swift; path = LocationManager.swift; sourceTree = "<group>"; };
		7289FCF12E98DC6A00595EF7 /* ActivityMo.appex */ = {isa = PBXFileReference; explicitFileType = "wrapper.app-extension"; includeInIndex = 0; path = ActivityMo.appex; sourceTree = BUILT_PRODUCTS_DIR; };
		7289FCF32E98DC6A00595EF7 /* DeviceActivity.framework */ = {isa = PBXFileReference; lastKnownFileType = wrapper.framework; name = DeviceActivity.framework; path = System/Library/Frameworks/DeviceActivity.framework; sourceTree = SDKROOT; };
		7289FD062E98DC8B00595EF7 /* ActivityRe.appex */ = {isa = PBXFileReference; explicitFileType = "wrapper.extensionkit-extension"; includeInIndex = 0; path = ActivityRe.appex; sourceTree = BUILT_PRODUCTS_DIR; };
		7289FD182E98DCBD00595EF7 /* LockRun.entitlements */ = {isa = PBXFileReference; lastKnownFileType = text.plist.entitlements; path = LockRun.entitlements; sourceTree = "<group>"; };
		7289FD202E99409B00595EF7 /* OnboardingView.swift */ = {isa = PBXFileReference; lastKnownFileType = sourcecode.swift; path = OnboardingView.swift; sourceTree = "<group>"; };
		72D0D8702EA9F581000F155C /* CalendarRecordView.swift */ = {isa = PBXFileReference; lastKnownFileType = sourcecode.swift; path = CalendarRecordView.swift; sourceTree = "<group>"; };
		72D0D88B2EAB355E000F155C /* ShieldConfiguration.appex */ = {isa = PBXFileReference; explicitFileType = "wrapper.app-extension"; includeInIndex = 0; path = ShieldConfiguration.appex; sourceTree = BUILT_PRODUCTS_DIR; };
		72D0D88C2EAB355E000F155C /* ManagedSettings.framework */ = {isa = PBXFileReference; lastKnownFileType = wrapper.framework; name = ManagedSettings.framework; path = System/Library/Frameworks/ManagedSettings.framework; sourceTree = SDKROOT; };
		72D0D88E2EAB355F000F155C /* ManagedSettingsUI.framework */ = {isa = PBXFileReference; lastKnownFileType = wrapper.framework; name = ManagedSettingsUI.framework; path = System/Library/Frameworks/ManagedSettingsUI.framework; sourceTree = SDKROOT; };
		72D0D8A22EAB5FF9000F155C /* Info.plist */ = {isa = PBXFileReference; lastKnownFileType = text.plist; path = Info.plist; sourceTree = "<group>"; };
		72DDBC302EA73CD10020E9C7 /* CustomDivider.swift */ = {isa = PBXFileReference; lastKnownFileType = sourcecode.swift; path = CustomDivider.swift; sourceTree = "<group>"; };
		72DDBC322EA8A04B0020E9C7 /* DateManager.swift */ = {isa = PBXFileReference; lastKnownFileType = sourcecode.swift; path = DateManager.swift; sourceTree = "<group>"; };
		72DDBC352EA8A2BE0020E9C7 /* CalendarMainView.swift */ = {isa = PBXFileReference; lastKnownFileType = sourcecode.swift; path = CalendarMainView.swift; sourceTree = "<group>"; };
		72DDBC372EA8A2D80020E9C7 /* CalendarReducer.swift */ = {isa = PBXFileReference; lastKnownFileType = sourcecode.swift; path = CalendarReducer.swift; sourceTree = "<group>"; };
		72DDBC3A2EA8A7720020E9C7 /* WeekdayHeaderView.swift */ = {isa = PBXFileReference; lastKnownFileType = sourcecode.swift; path = WeekdayHeaderView.swift; sourceTree = "<group>"; };
		72DDBC3C2EA8B1CF0020E9C7 /* DatesGridView.swift */ = {isa = PBXFileReference; lastKnownFileType = sourcecode.swift; path = DatesGridView.swift; sourceTree = "<group>"; };
		72DDBC4C2EA920C80020E9C7 /* HeaderView.swift */ = {isa = PBXFileReference; lastKnownFileType = sourcecode.swift; path = HeaderView.swift; sourceTree = "<group>"; };
		72DDBC4E2EA923E20020E9C7 /* CalendarDetailView.swift */ = {isa = PBXFileReference; lastKnownFileType = sourcecode.swift; path = CalendarDetailView.swift; sourceTree = "<group>"; };
		72DDBC502EA92C350020E9C7 /* YearMonthHeaderView.swift */ = {isa = PBXFileReference; lastKnownFileType = sourcecode.swift; path = YearMonthHeaderView.swift; sourceTree = "<group>"; };
		72DDBC522EA92E1E0020E9C7 /* DateChangeReducer.swift */ = {isa = PBXFileReference; lastKnownFileType = sourcecode.swift; path = DateChangeReducer.swift; sourceTree = "<group>"; };
		72DDBC542EA930160020E9C7 /* DateChangeView.swift */ = {isa = PBXFileReference; lastKnownFileType = sourcecode.swift; path = DateChangeView.swift; sourceTree = "<group>"; };
		72DDBC562EA934320020E9C7 /* CalendarView.swift */ = {isa = PBXFileReference; lastKnownFileType = sourcecode.swift; path = CalendarView.swift; sourceTree = "<group>"; };
		72E9AE372E9F6A4C003DB4F6 /* CustomTabbar.swift */ = {isa = PBXFileReference; lastKnownFileType = sourcecode.swift; path = CustomTabbar.swift; sourceTree = "<group>"; };
		72E9AE3C2E9F6B70003DB4F6 /* HomeView.swift */ = {isa = PBXFileReference; lastKnownFileType = sourcecode.swift; path = HomeView.swift; sourceTree = "<group>"; };
		72E9AE3E2E9F6B85003DB4F6 /* AnalyzeView.swift */ = {isa = PBXFileReference; lastKnownFileType = sourcecode.swift; path = AnalyzeView.swift; sourceTree = "<group>"; };
		72E9AE402E9F6B8D003DB4F6 /* ProfileView.swift */ = {isa = PBXFileReference; lastKnownFileType = sourcecode.swift; path = ProfileView.swift; sourceTree = "<group>"; };
		72E9AE6C2E9F6FB1003DB4F6 /* TabbarReducer.swift */ = {isa = PBXFileReference; lastKnownFileType = sourcecode.swift; path = TabbarReducer.swift; sourceTree = "<group>"; };
		72E9AE6E2E9F7020003DB4F6 /* TabbarComponent.swift */ = {isa = PBXFileReference; lastKnownFileType = sourcecode.swift; path = TabbarComponent.swift; sourceTree = "<group>"; };
		72E9AE712E9F7A0F003DB4F6 /* TabbarContainerView.swift */ = {isa = PBXFileReference; lastKnownFileType = sourcecode.swift; path = TabbarContainerView.swift; sourceTree = "<group>"; };
		72E9AE732E9F7B50003DB4F6 /* HomeReducer.swift */ = {isa = PBXFileReference; lastKnownFileType = sourcecode.swift; path = HomeReducer.swift; sourceTree = "<group>"; };
		72E9AE752E9F7B94003DB4F6 /* AnalyzeReducer.swift */ = {isa = PBXFileReference; lastKnownFileType = sourcecode.swift; path = AnalyzeReducer.swift; sourceTree = "<group>"; };
		72E9AE772E9F7BAB003DB4F6 /* ProfileReducer.swift */ = {isa = PBXFileReference; lastKnownFileType = sourcecode.swift; path = ProfileReducer.swift; sourceTree = "<group>"; };
		72E9AE792E9F833B003DB4F6 /* PermissionStatusData.swift */ = {isa = PBXFileReference; lastKnownFileType = sourcecode.swift; path = PermissionStatusData.swift; sourceTree = "<group>"; };
		72E9AE7B2E9F838A003DB4F6 /* SwiftDataDBManager.swift */ = {isa = PBXFileReference; lastKnownFileType = sourcecode.swift; path = SwiftDataDBManager.swift; sourceTree = "<group>"; };
		72E9AE7E2EA0DC26003DB4F6 /* RunningGoalCard.swift */ = {isa = PBXFileReference; lastKnownFileType = sourcecode.swift; path = RunningGoalCard.swift; sourceTree = "<group>"; };
		72E9AEA22EA2104D003DB4F6 /* PlanningView.swift */ = {isa = PBXFileReference; lastKnownFileType = sourcecode.swift; path = PlanningView.swift; sourceTree = "<group>"; };
		72E9AEA42EA21072003DB4F6 /* PlanningReducer.swift */ = {isa = PBXFileReference; lastKnownFileType = sourcecode.swift; path = PlanningReducer.swift; sourceTree = "<group>"; };
		72E9AEA62EA3C9DB003DB4F6 /* AppGroup.swift */ = {isa = PBXFileReference; lastKnownFileType = sourcecode.swift; path = AppGroup.swift; sourceTree = "<group>"; };
		72E9AEA82EA3CA6C003DB4F6 /* StoredBlockSelection.swift */ = {isa = PBXFileReference; lastKnownFileType = sourcecode.swift; path = StoredBlockSelection.swift; sourceTree = "<group>"; };
		72E9AEAA2EA3D0AA003DB4F6 /* DeviceActivityManager.swift */ = {isa = PBXFileReference; lastKnownFileType = sourcecode.swift; path = DeviceActivityManager.swift; sourceTree = "<group>"; };
		72E9AF4B2EA5CCE6003DB4F6 /* LocationClient.swift */ = {isa = PBXFileReference; lastKnownFileType = sourcecode.swift; path = LocationClient.swift; sourceTree = "<group>"; };
		72E9AF4D2EA5D45C003DB4F6 /* WeatherClient.swift */ = {isa = PBXFileReference; lastKnownFileType = sourcecode.swift; path = WeatherClient.swift; sourceTree = "<group>"; };
		72E9AF502EA6172A003DB4F6 /* RunningGoalData.swift */ = {isa = PBXFileReference; lastKnownFileType = sourcecode.swift; path = RunningGoalData.swift; sourceTree = "<group>"; };
/* End PBXFileReference section */

/* Begin PBXFileSystemSynchronizedBuildFileExceptionSet section */
		7289FCFD2E98DC6B00595EF7 /* Exceptions for "ActivityMo" folder in "ActivityMo" target */ = {
			isa = PBXFileSystemSynchronizedBuildFileExceptionSet;
			membershipExceptions = (
				Info.plist,
			);
			target = 7289FCF02E98DC6A00595EF7 /* ActivityMo */;
		};
		7289FD132E98DC8B00595EF7 /* Exceptions for "ActivityRe" folder in "ActivityRe" target */ = {
			isa = PBXFileSystemSynchronizedBuildFileExceptionSet;
			membershipExceptions = (
				Info.plist,
			);
			target = 7289FD052E98DC8B00595EF7 /* ActivityRe */;
		};
		72D0D89B2EAB355F000F155C /* Exceptions for "ShieldConfiguration" folder in "ShieldConfiguration" target */ = {
			isa = PBXFileSystemSynchronizedBuildFileExceptionSet;
			membershipExceptions = (
				Info.plist,
			);
			target = 72D0D88A2EAB355E000F155C /* ShieldConfiguration */;
		};
		72D0D89D2EAB4BFC000F155C /* Exceptions for "ShieldConfiguration" folder in "LockRun" target */ = {
			isa = PBXFileSystemSynchronizedBuildFileExceptionSet;
			membershipExceptions = (
				ShieldActionExtension.swift,
				ShieldConfigurationExtension.swift,
			);
			target = 7289FC732E98B84200595EF7 /* LockRun */;
		};
		72E9AEAD2EA3E4C5003DB4F6 /* Exceptions for "ActivityMo" folder in "LockRun" target */ = {
			isa = PBXFileSystemSynchronizedBuildFileExceptionSet;
			membershipExceptions = (
				DeviceActivityMonitorExtension.swift,
			);
			target = 7289FC732E98B84200595EF7 /* LockRun */;
		};
/* End PBXFileSystemSynchronizedBuildFileExceptionSet section */

/* Begin PBXFileSystemSynchronizedRootGroup section */
		7289FC862E98B84400595EF7 /* LockRunTests */ = {
			isa = PBXFileSystemSynchronizedRootGroup;
			path = LockRunTests;
			sourceTree = "<group>";
		};
		7289FC902E98B84400595EF7 /* LockRunUITests */ = {
			isa = PBXFileSystemSynchronizedRootGroup;
			path = LockRunUITests;
			sourceTree = "<group>";
		};
		7289FCF52E98DC6B00595EF7 /* ActivityMo */ = {
			isa = PBXFileSystemSynchronizedRootGroup;
			exceptions = (
				72E9AEAD2EA3E4C5003DB4F6 /* Exceptions for "ActivityMo" folder in "LockRun" target */,
				7289FCFD2E98DC6B00595EF7 /* Exceptions for "ActivityMo" folder in "ActivityMo" target */,
			);
			path = ActivityMo;
			sourceTree = "<group>";
		};
		7289FD072E98DC8B00595EF7 /* ActivityRe */ = {
			isa = PBXFileSystemSynchronizedRootGroup;
			exceptions = (
				7289FD132E98DC8B00595EF7 /* Exceptions for "ActivityRe" folder in "ActivityRe" target */,
			);
			path = ActivityRe;
			sourceTree = "<group>";
		};
		72D0D8902EAB355F000F155C /* ShieldConfiguration */ = {
			isa = PBXFileSystemSynchronizedRootGroup;
			exceptions = (
				72D0D89D2EAB4BFC000F155C /* Exceptions for "ShieldConfiguration" folder in "LockRun" target */,
				72D0D89B2EAB355F000F155C /* Exceptions for "ShieldConfiguration" folder in "ShieldConfiguration" target */,
			);
			path = ShieldConfiguration;
			sourceTree = "<group>";
		};
/* End PBXFileSystemSynchronizedRootGroup section */

/* Begin PBXFrameworksBuildPhase section */
		7289FC712E98B84200595EF7 /* Frameworks */ = {
			isa = PBXFrameworksBuildPhase;
			buildActionMask = 2147483647;
			files = (
				7289FD1F2E99408500595EF7 /* ComposableArchitecture in Frameworks */,
			);
			runOnlyForDeploymentPostprocessing = 0;
		};
		7289FC802E98B84400595EF7 /* Frameworks */ = {
			isa = PBXFrameworksBuildPhase;
			buildActionMask = 2147483647;
			files = (
			);
			runOnlyForDeploymentPostprocessing = 0;
		};
		7289FC8A2E98B84400595EF7 /* Frameworks */ = {
			isa = PBXFrameworksBuildPhase;
			buildActionMask = 2147483647;
			files = (
			);
			runOnlyForDeploymentPostprocessing = 0;
		};
		7289FCEE2E98DC6A00595EF7 /* Frameworks */ = {
			isa = PBXFrameworksBuildPhase;
			buildActionMask = 2147483647;
			files = (
				7289FCF42E98DC6B00595EF7 /* DeviceActivity.framework in Frameworks */,
			);
			runOnlyForDeploymentPostprocessing = 0;
		};
		7289FD032E98DC8B00595EF7 /* Frameworks */ = {
			isa = PBXFrameworksBuildPhase;
			buildActionMask = 2147483647;
			files = (
			);
			runOnlyForDeploymentPostprocessing = 0;
		};
		72D0D8882EAB355E000F155C /* Frameworks */ = {
			isa = PBXFrameworksBuildPhase;
			buildActionMask = 2147483647;
			files = (
				72D0D88D2EAB355F000F155C /* ManagedSettings.framework in Frameworks */,
				72D0D88F2EAB355F000F155C /* ManagedSettingsUI.framework in Frameworks */,
			);
			runOnlyForDeploymentPostprocessing = 0;
		};
/* End PBXFrameworksBuildPhase section */

/* Begin PBXGroup section */
		723F5CF92E9B75C300E6AA23 /* Enum */ = {
			isa = PBXGroup;
			children = (
				723F5CFA2E9B75D500E6AA23 /* AppText.swift */,
				723F5CFC2E9B767B00E6AA23 /* ButtonTitle.swift */,
				72E9AE6E2E9F7020003DB4F6 /* TabbarComponent.swift */,
				72E9AEA62EA3C9DB003DB4F6 /* AppGroup.swift */,
			);
			path = Enum;
			sourceTree = "<group>";
		};
		723F5CFE2E9B771200E6AA23 /* Components */ = {
			isa = PBXGroup;
			children = (
				72DDBC1A2EA73A710020E9C7 /* View */,
				723F5D0B2E9B7A5E00E6AA23 /* Button */,
				723F5CFF2E9B771A00E6AA23 /* Text */,
			);
			path = Components;
			sourceTree = "<group>";
		};
		723F5CFF2E9B771A00E6AA23 /* Text */ = {
			isa = PBXGroup;
			children = (
				723F5D002E9B772E00E6AA23 /* CommonText.swift */,
			);
			path = Text;
			sourceTree = "<group>";
		};
		723F5D022E9B779800E6AA23 /* Font */ = {
			isa = PBXGroup;
			children = (
				723F5D032E9B77A400E6AA23 /* Font.swift */,
			);
			path = Font;
			sourceTree = "<group>";
		};
		723F5D052E9B77E900E6AA23 /* Modifier */ = {
			isa = PBXGroup;
			children = (
				723F5D062E9B77FF00E6AA23 /* CustomFontModifier.swift */,
				723F5D1A2E9D2AC900E6AA23 /* CustomNavigationBarModifier.swift */,
			);
			path = Modifier;
			sourceTree = "<group>";
		};
		723F5D082E9B79D900E6AA23 /* Extension */ = {
			isa = PBXGroup;
			children = (
				723F5D092E9B79EA00E6AA23 /* Image+Extension.swift */,
			);
			path = Extension;
			sourceTree = "<group>";
		};
		723F5D0B2E9B7A5E00E6AA23 /* Button */ = {
			isa = PBXGroup;
			children = (
				723F5D0C2E9B7A6600E6AA23 /* CommonButton.swift */,
			);
			path = Button;
			sourceTree = "<group>";
		};
		723F5D102E9B8A0900E6AA23 /* Permission */ = {
			isa = PBXGroup;
			children = (
				723F5D132E9B8A2F00E6AA23 /* PermissionView.swift */,
				723F5D182E9CBF9300E6AA23 /* PermissionReducer.swift */,
			);
			path = Permission;
			sourceTree = "<group>";
		};
		723F5D152E9BD2A600E6AA23 /* Component */ = {
			isa = PBXGroup;
			children = (
				723F5D162E9BD2C700E6AA23 /* PermissionExplainView.swift */,
			);
			path = Component;
			sourceTree = "<group>";
		};
		7289FC6B2E98B84200595EF7 = {
			isa = PBXGroup;
			children = (
				7289FCB32E98CA5400595EF7 /* LockRun */,
				7289FC862E98B84400595EF7 /* LockRunTests */,
				7289FC902E98B84400595EF7 /* LockRunUITests */,
				7289FCF52E98DC6B00595EF7 /* ActivityMo */,
				7289FD072E98DC8B00595EF7 /* ActivityRe */,
				72D0D8902EAB355F000F155C /* ShieldConfiguration */,
				7289FCF22E98DC6A00595EF7 /* Frameworks */,
				7289FC752E98B84200595EF7 /* Products */,
			);
			sourceTree = "<group>";
		};
		7289FC752E98B84200595EF7 /* Products */ = {
			isa = PBXGroup;
			children = (
				7289FC742E98B84200595EF7 /* LockRun.app */,
				7289FC832E98B84400595EF7 /* LockRunTests.xctest */,
				7289FC8D2E98B84400595EF7 /* LockRunUITests.xctest */,
				7289FCF12E98DC6A00595EF7 /* ActivityMo.appex */,
				7289FD062E98DC8B00595EF7 /* ActivityRe.appex */,
				72D0D88B2EAB355E000F155C /* ShieldConfiguration.appex */,
			);
			name = Products;
			sourceTree = "<group>";
		};
		7289FCB32E98CA5400595EF7 /* LockRun */ = {
			isa = PBXGroup;
			children = (
				72D0D8A22EAB5FF9000F155C /* Info.plist */,
				7289FD182E98DCBD00595EF7 /* LockRun.entitlements */,
				7289FCB82E98CA5900595EF7 /* Resources */,
				7289FCC82E98CAA900595EF7 /* Sources */,
			);
			path = LockRun;
			sourceTree = "<group>";
		};
		7289FCB82E98CA5900595EF7 /* Resources */ = {
			isa = PBXGroup;
			children = (
				723F5D022E9B779800E6AA23 /* Font */,
				7289FCC72E98CA8E00595EF7 /* Application */,
				7289FCAF2E98CA5400595EF7 /* Assets.xcassets */,
			);
			path = Resources;
			sourceTree = "<group>";
		};
		7289FCC72E98CA8E00595EF7 /* Application */ = {
			isa = PBXGroup;
			children = (
				7289FCB22E98CA5400595EF7 /* LockRunApp.swift */,
			);
			path = Application;
			sourceTree = "<group>";
		};
		7289FCC82E98CAA900595EF7 /* Sources */ = {
			isa = PBXGroup;
			children = (
				72E9AF4A2EA5CCA0003DB4F6 /* Services */,
				723F5D082E9B79D900E6AA23 /* Extension */,
				7289FD192E993EC200595EF7 /* Feature */,
				723F5CFE2E9B771200E6AA23 /* Components */,
				7289FCC92E98CAB200595EF7 /* Util */,
				723F5D052E9B77E900E6AA23 /* Modifier */,
			);
			path = Sources;
			sourceTree = "<group>";
		};
		7289FCC92E98CAB200595EF7 /* Util */ = {
			isa = PBXGroup;
			children = (
				72E9AF4F2EA61712003DB4F6 /* DB */,
				723F5CF92E9B75C300E6AA23 /* Enum */,
				7289FCCA2E98CAF600595EF7 /* LocationManager.swift */,
				72E9AEA82EA3CA6C003DB4F6 /* StoredBlockSelection.swift */,
				72E9AEAA2EA3D0AA003DB4F6 /* DeviceActivityManager.swift */,
				72DDBC322EA8A04B0020E9C7 /* DateManager.swift */,
			);
			path = Util;
			sourceTree = "<group>";
		};
		7289FCF22E98DC6A00595EF7 /* Frameworks */ = {
			isa = PBXGroup;
			children = (
				7289FCF32E98DC6A00595EF7 /* DeviceActivity.framework */,
				72D0D88C2EAB355E000F155C /* ManagedSettings.framework */,
				72D0D88E2EAB355F000F155C /* ManagedSettingsUI.framework */,
			);
			name = Frameworks;
			sourceTree = "<group>";
		};
		7289FD192E993EC200595EF7 /* Feature */ = {
			isa = PBXGroup;
			children = (
				72E9AE362E9F6A39003DB4F6 /* Tabbar */,
				7289FD1C2E993EE700595EF7 /* Onboarding */,
				72E9AE392E9F6B3E003DB4F6 /* Home */,
				72E9AE3A2E9F6B44003DB4F6 /* Analyze */,
				72E9AE3B2E9F6B5A003DB4F6 /* Profile */,
			);
			path = Feature;
			sourceTree = "<group>";
		};
		7289FD1C2E993EE700595EF7 /* Onboarding */ = {
			isa = PBXGroup;
			children = (
				7289FD202E99409B00595EF7 /* OnboardingView.swift */,
				723F5D0E2E9B828E00E6AA23 /* OnboardingReducer.swift */,
				723F5D102E9B8A0900E6AA23 /* Permission */,
				723F5D152E9BD2A600E6AA23 /* Component */,
			);
			path = Onboarding;
			sourceTree = "<group>";
		};
		72DDBC1A2EA73A710020E9C7 /* View */ = {
			isa = PBXGroup;
			children = (
				72DDBC302EA73CD10020E9C7 /* CustomDivider.swift */,
			);
			path = View;
			sourceTree = "<group>";
		};
		72DDBC342EA8A2200020E9C7 /* CalendarView */ = {
			isa = PBXGroup;
			children = (
				72DDBC352EA8A2BE0020E9C7 /* CalendarMainView.swift */,
				72DDBC372EA8A2D80020E9C7 /* CalendarReducer.swift */,
				72DDBC522EA92E1E0020E9C7 /* DateChangeReducer.swift */,
				72DDBC392EA8A7640020E9C7 /* Component */,
			);
			path = CalendarView;
			sourceTree = "<group>";
		};
		72DDBC392EA8A7640020E9C7 /* Component */ = {
			isa = PBXGroup;
			children = (
				72DDBC4C2EA920C80020E9C7 /* HeaderView.swift */,
				72DDBC3A2EA8A7720020E9C7 /* WeekdayHeaderView.swift */,
				72DDBC3C2EA8B1CF0020E9C7 /* DatesGridView.swift */,
				72DDBC4E2EA923E20020E9C7 /* CalendarDetailView.swift */,
				72DDBC502EA92C350020E9C7 /* YearMonthHeaderView.swift */,
				72DDBC542EA930160020E9C7 /* DateChangeView.swift */,
				72DDBC562EA934320020E9C7 /* CalendarView.swift */,
				72D0D8702EA9F581000F155C /* CalendarRecordView.swift */,
			);
			path = Component;
			sourceTree = "<group>";
		};
		72E9AE362E9F6A39003DB4F6 /* Tabbar */ = {
			isa = PBXGroup;
			children = (
				72E9AE712E9F7A0F003DB4F6 /* TabbarContainerView.swift */,
				72E9AE6C2E9F6FB1003DB4F6 /* TabbarReducer.swift */,
				72E9AE702E9F79F9003DB4F6 /* Component */,
			);
			path = Tabbar;
			sourceTree = "<group>";
		};
		72E9AE392E9F6B3E003DB4F6 /* Home */ = {
			isa = PBXGroup;
			children = (
				72E9AE3C2E9F6B70003DB4F6 /* HomeView.swift */,
				72E9AE732E9F7B50003DB4F6 /* HomeReducer.swift */,
				72E9AEA12EA21021003DB4F6 /* Planning */,
				72E9AE7D2EA0DC19003DB4F6 /* Component */,
			);
			path = Home;
			sourceTree = "<group>";
		};
		72E9AE3A2E9F6B44003DB4F6 /* Analyze */ = {
			isa = PBXGroup;
			children = (
				72E9AE3E2E9F6B85003DB4F6 /* AnalyzeView.swift */,
				72E9AE752E9F7B94003DB4F6 /* AnalyzeReducer.swift */,
			);
			path = Analyze;
			sourceTree = "<group>";
		};
		72E9AE3B2E9F6B5A003DB4F6 /* Profile */ = {
			isa = PBXGroup;
			children = (
				72E9AE402E9F6B8D003DB4F6 /* ProfileView.swift */,
				72E9AE772E9F7BAB003DB4F6 /* ProfileReducer.swift */,
				72DDBC342EA8A2200020E9C7 /* CalendarView */,
			);
			path = Profile;
			sourceTree = "<group>";
		};
		72E9AE702E9F79F9003DB4F6 /* Component */ = {
			isa = PBXGroup;
			children = (
				72E9AE372E9F6A4C003DB4F6 /* CustomTabbar.swift */,
			);
			path = Component;
			sourceTree = "<group>";
		};
		72E9AE7D2EA0DC19003DB4F6 /* Component */ = {
			isa = PBXGroup;
			children = (
				72E9AE7E2EA0DC26003DB4F6 /* RunningGoalCard.swift */,
			);
			path = Component;
			sourceTree = "<group>";
		};
		72E9AEA12EA21021003DB4F6 /* Planning */ = {
			isa = PBXGroup;
			children = (
				72E9AEA22EA2104D003DB4F6 /* PlanningView.swift */,
				72E9AEA42EA21072003DB4F6 /* PlanningReducer.swift */,
			);
			path = Planning;
			sourceTree = "<group>";
		};
		72E9AF4A2EA5CCA0003DB4F6 /* Services */ = {
			isa = PBXGroup;
			children = (
				72E9AF4B2EA5CCE6003DB4F6 /* LocationClient.swift */,
				72E9AF4D2EA5D45C003DB4F6 /* WeatherClient.swift */,
			);
			path = Services;
			sourceTree = "<group>";
		};
		72E9AF4F2EA61712003DB4F6 /* DB */ = {
			isa = PBXGroup;
			children = (
				72E9AE7B2E9F838A003DB4F6 /* SwiftDataDBManager.swift */,
				72E9AE792E9F833B003DB4F6 /* PermissionStatusData.swift */,
				72E9AF502EA6172A003DB4F6 /* RunningGoalData.swift */,
			);
			path = DB;
			sourceTree = "<group>";
		};
/* End PBXGroup section */

/* Begin PBXNativeTarget section */
		7289FC732E98B84200595EF7 /* LockRun */ = {
			isa = PBXNativeTarget;
			buildConfigurationList = 7289FC972E98B84400595EF7 /* Build configuration list for PBXNativeTarget "LockRun" */;
			buildPhases = (
				7289FC702E98B84200595EF7 /* Sources */,
				7289FC712E98B84200595EF7 /* Frameworks */,
				7289FC722E98B84200595EF7 /* Resources */,
				7289FD012E98DC6B00595EF7 /* Embed Foundation Extensions */,
				7289FD172E98DC8B00595EF7 /* Embed ExtensionKit Extensions */,
			);
			buildRules = (
			);
			dependencies = (
				7289FCFB2E98DC6B00595EF7 /* PBXTargetDependency */,
				7289FD112E98DC8B00595EF7 /* PBXTargetDependency */,
				72D0D8962EAB355F000F155C /* PBXTargetDependency */,
			);
			name = LockRun;
			packageProductDependencies = (
				7289FD1E2E99408500595EF7 /* ComposableArchitecture */,
			);
			productName = LockRun;
			productReference = 7289FC742E98B84200595EF7 /* LockRun.app */;
			productType = "com.apple.product-type.application";
		};
		7289FC822E98B84400595EF7 /* LockRunTests */ = {
			isa = PBXNativeTarget;
			buildConfigurationList = 7289FC9A2E98B84400595EF7 /* Build configuration list for PBXNativeTarget "LockRunTests" */;
			buildPhases = (
				7289FC7F2E98B84400595EF7 /* Sources */,
				7289FC802E98B84400595EF7 /* Frameworks */,
				7289FC812E98B84400595EF7 /* Resources */,
			);
			buildRules = (
			);
			dependencies = (
				7289FC852E98B84400595EF7 /* PBXTargetDependency */,
			);
			fileSystemSynchronizedGroups = (
				7289FC862E98B84400595EF7 /* LockRunTests */,
			);
			name = LockRunTests;
			packageProductDependencies = (
			);
			productName = LockRunTests;
			productReference = 7289FC832E98B84400595EF7 /* LockRunTests.xctest */;
			productType = "com.apple.product-type.bundle.unit-test";
		};
		7289FC8C2E98B84400595EF7 /* LockRunUITests */ = {
			isa = PBXNativeTarget;
			buildConfigurationList = 7289FC9D2E98B84400595EF7 /* Build configuration list for PBXNativeTarget "LockRunUITests" */;
			buildPhases = (
				7289FC892E98B84400595EF7 /* Sources */,
				7289FC8A2E98B84400595EF7 /* Frameworks */,
				7289FC8B2E98B84400595EF7 /* Resources */,
			);
			buildRules = (
			);
			dependencies = (
				7289FC8F2E98B84400595EF7 /* PBXTargetDependency */,
			);
			fileSystemSynchronizedGroups = (
				7289FC902E98B84400595EF7 /* LockRunUITests */,
			);
			name = LockRunUITests;
			packageProductDependencies = (
			);
			productName = LockRunUITests;
			productReference = 7289FC8D2E98B84400595EF7 /* LockRunUITests.xctest */;
			productType = "com.apple.product-type.bundle.ui-testing";
		};
		7289FCF02E98DC6A00595EF7 /* ActivityMo */ = {
			isa = PBXNativeTarget;
			buildConfigurationList = 7289FCFE2E98DC6B00595EF7 /* Build configuration list for PBXNativeTarget "ActivityMo" */;
			buildPhases = (
				7289FCED2E98DC6A00595EF7 /* Sources */,
				7289FCEE2E98DC6A00595EF7 /* Frameworks */,
				7289FCEF2E98DC6A00595EF7 /* Resources */,
			);
			buildRules = (
			);
			dependencies = (
			);
			fileSystemSynchronizedGroups = (
				7289FCF52E98DC6B00595EF7 /* ActivityMo */,
			);
			name = ActivityMo;
			packageProductDependencies = (
			);
			productName = ActivityMo;
			productReference = 7289FCF12E98DC6A00595EF7 /* ActivityMo.appex */;
			productType = "com.apple.product-type.app-extension";
		};
		7289FD052E98DC8B00595EF7 /* ActivityRe */ = {
			isa = PBXNativeTarget;
			buildConfigurationList = 7289FD142E98DC8B00595EF7 /* Build configuration list for PBXNativeTarget "ActivityRe" */;
			buildPhases = (
				7289FD022E98DC8B00595EF7 /* Sources */,
				7289FD032E98DC8B00595EF7 /* Frameworks */,
				7289FD042E98DC8B00595EF7 /* Resources */,
			);
			buildRules = (
			);
			dependencies = (
			);
			fileSystemSynchronizedGroups = (
				7289FD072E98DC8B00595EF7 /* ActivityRe */,
			);
			name = ActivityRe;
			packageProductDependencies = (
			);
			productName = ActivityRe;
			productReference = 7289FD062E98DC8B00595EF7 /* ActivityRe.appex */;
			productType = "com.apple.product-type.extensionkit-extension";
		};
		72D0D88A2EAB355E000F155C /* ShieldConfiguration */ = {
			isa = PBXNativeTarget;
			buildConfigurationList = 72D0D8982EAB355F000F155C /* Build configuration list for PBXNativeTarget "ShieldConfiguration" */;
			buildPhases = (
				72D0D8872EAB355E000F155C /* Sources */,
				72D0D8882EAB355E000F155C /* Frameworks */,
				72D0D8892EAB355E000F155C /* Resources */,
			);
			buildRules = (
			);
			dependencies = (
			);
			fileSystemSynchronizedGroups = (
				72D0D8902EAB355F000F155C /* ShieldConfiguration */,
			);
			name = ShieldConfiguration;
			packageProductDependencies = (
			);
			productName = ShieldConfiguration;
			productReference = 72D0D88B2EAB355E000F155C /* ShieldConfiguration.appex */;
			productType = "com.apple.product-type.app-extension";
		};
/* End PBXNativeTarget section */

/* Begin PBXProject section */
		7289FC6C2E98B84200595EF7 /* Project object */ = {
			isa = PBXProject;
			attributes = {
				BuildIndependentTargetsInParallel = 1;
				LastSwiftUpdateCheck = 1640;
				LastUpgradeCheck = 1640;
				TargetAttributes = {
					7289FC732E98B84200595EF7 = {
						CreatedOnToolsVersion = 16.4;
					};
					7289FC822E98B84400595EF7 = {
						CreatedOnToolsVersion = 16.4;
						TestTargetID = 7289FC732E98B84200595EF7;
					};
					7289FC8C2E98B84400595EF7 = {
						CreatedOnToolsVersion = 16.4;
						TestTargetID = 7289FC732E98B84200595EF7;
					};
					7289FCF02E98DC6A00595EF7 = {
						CreatedOnToolsVersion = 16.4;
					};
					7289FD052E98DC8B00595EF7 = {
						CreatedOnToolsVersion = 16.4;
					};
					72D0D88A2EAB355E000F155C = {
						CreatedOnToolsVersion = 16.4;
					};
				};
			};
			buildConfigurationList = 7289FC6F2E98B84200595EF7 /* Build configuration list for PBXProject "LockRun" */;
			developmentRegion = en;
			hasScannedForEncodings = 0;
			knownRegions = (
				en,
				Base,
			);
			mainGroup = 7289FC6B2E98B84200595EF7;
			minimizedProjectReferenceProxies = 1;
			packageReferences = (
				7289FD1D2E99408500595EF7 /* XCRemoteSwiftPackageReference "swift-composable-architecture" */,
			);
			preferredProjectObjectVersion = 77;
			productRefGroup = 7289FC752E98B84200595EF7 /* Products */;
			projectDirPath = "";
			projectRoot = "";
			targets = (
				7289FC732E98B84200595EF7 /* LockRun */,
				7289FC822E98B84400595EF7 /* LockRunTests */,
				7289FC8C2E98B84400595EF7 /* LockRunUITests */,
				7289FCF02E98DC6A00595EF7 /* ActivityMo */,
				7289FD052E98DC8B00595EF7 /* ActivityRe */,
				72D0D88A2EAB355E000F155C /* ShieldConfiguration */,
			);
		};
/* End PBXProject section */

/* Begin PBXResourcesBuildPhase section */
		7289FC722E98B84200595EF7 /* Resources */ = {
			isa = PBXResourcesBuildPhase;
			buildActionMask = 2147483647;
			files = (
				7289FCB72E98CA5400595EF7 /* Assets.xcassets in Resources */,
			);
			runOnlyForDeploymentPostprocessing = 0;
		};
		7289FC812E98B84400595EF7 /* Resources */ = {
			isa = PBXResourcesBuildPhase;
			buildActionMask = 2147483647;
			files = (
			);
			runOnlyForDeploymentPostprocessing = 0;
		};
		7289FC8B2E98B84400595EF7 /* Resources */ = {
			isa = PBXResourcesBuildPhase;
			buildActionMask = 2147483647;
			files = (
			);
			runOnlyForDeploymentPostprocessing = 0;
		};
		7289FCEF2E98DC6A00595EF7 /* Resources */ = {
			isa = PBXResourcesBuildPhase;
			buildActionMask = 2147483647;
			files = (
			);
			runOnlyForDeploymentPostprocessing = 0;
		};
		7289FD042E98DC8B00595EF7 /* Resources */ = {
			isa = PBXResourcesBuildPhase;
			buildActionMask = 2147483647;
			files = (
			);
			runOnlyForDeploymentPostprocessing = 0;
		};
		72D0D8892EAB355E000F155C /* Resources */ = {
			isa = PBXResourcesBuildPhase;
			buildActionMask = 2147483647;
			files = (
				72D0D89E2EAB4F8B000F155C /* Assets.xcassets in Resources */,
			);
			runOnlyForDeploymentPostprocessing = 0;
		};
/* End PBXResourcesBuildPhase section */

/* Begin PBXSourcesBuildPhase section */
		7289FC702E98B84200595EF7 /* Sources */ = {
			isa = PBXSourcesBuildPhase;
			buildActionMask = 2147483647;
			files = (
				72DDBC3B2EA8A7720020E9C7 /* WeekdayHeaderView.swift in Sources */,
				72DDBC312EA73CD10020E9C7 /* CustomDivider.swift in Sources */,
				72DDBC4F2EA923E20020E9C7 /* CalendarDetailView.swift in Sources */,
				72E9AEAB2EA3D0AA003DB4F6 /* DeviceActivityManager.swift in Sources */,
				7289FCCB2E98CAF600595EF7 /* LocationManager.swift in Sources */,
				72E9AF4C2EA5CCE6003DB4F6 /* LocationClient.swift in Sources */,
				723F5CFD2E9B767B00E6AA23 /* ButtonTitle.swift in Sources */,
				72D0D8712EA9F581000F155C /* CalendarRecordView.swift in Sources */,
				72E9AEA32EA2104D003DB4F6 /* PlanningView.swift in Sources */,
				72DDBC4D2EA920C80020E9C7 /* HeaderView.swift in Sources */,
				72E9AEA52EA21072003DB4F6 /* PlanningReducer.swift in Sources */,
				72E9AE7F2EA0DC26003DB4F6 /* RunningGoalCard.swift in Sources */,
				723F5D0A2E9B79EA00E6AA23 /* Image+Extension.swift in Sources */,
				723F5D192E9CBF9300E6AA23 /* PermissionReducer.swift in Sources */,
				72DDBC362EA8A2BE0020E9C7 /* CalendarMainView.swift in Sources */,
				72DDBC382EA8A2D80020E9C7 /* CalendarReducer.swift in Sources */,
				72DDBC332EA8A04B0020E9C7 /* DateManager.swift in Sources */,
				72E9AE382E9F6A4C003DB4F6 /* CustomTabbar.swift in Sources */,
				72E9AF512EA6172A003DB4F6 /* RunningGoalData.swift in Sources */,
				72E9AE762E9F7B94003DB4F6 /* AnalyzeReducer.swift in Sources */,
				72E9AE7A2E9F833B003DB4F6 /* PermissionStatusData.swift in Sources */,
				72E9AE742E9F7B50003DB4F6 /* HomeReducer.swift in Sources */,
				72DDBC532EA92E1E0020E9C7 /* DateChangeReducer.swift in Sources */,
				72E9AE3D2E9F6B70003DB4F6 /* HomeView.swift in Sources */,
				72DDBC552EA930160020E9C7 /* DateChangeView.swift in Sources */,
				723F5D142E9B8A2F00E6AA23 /* PermissionView.swift in Sources */,
				723F5D042E9B77A400E6AA23 /* Font.swift in Sources */,
				7289FD212E99409B00595EF7 /* OnboardingView.swift in Sources */,
				723F5D0F2E9B828E00E6AA23 /* OnboardingReducer.swift in Sources */,
				723F5D172E9BD2C700E6AA23 /* PermissionExplainView.swift in Sources */,
				72DDBC512EA92C350020E9C7 /* YearMonthHeaderView.swift in Sources */,
				723F5D1B2E9D2AC900E6AA23 /* CustomNavigationBarModifier.swift in Sources */,
				72E9AE7C2E9F838A003DB4F6 /* SwiftDataDBManager.swift in Sources */,
				723F5D072E9B77FF00E6AA23 /* CustomFontModifier.swift in Sources */,
				72E9AE3F2E9F6B85003DB4F6 /* AnalyzeView.swift in Sources */,
				723F5D0D2E9B7A6600E6AA23 /* CommonButton.swift in Sources */,
				723F5D012E9B772E00E6AA23 /* CommonText.swift in Sources */,
				72E9AEA92EA3CA6C003DB4F6 /* StoredBlockSelection.swift in Sources */,
				72E9AEA72EA3C9DB003DB4F6 /* AppGroup.swift in Sources */,
				72DDBC3D2EA8B1CF0020E9C7 /* DatesGridView.swift in Sources */,
				72E9AE722E9F7A0F003DB4F6 /* TabbarContainerView.swift in Sources */,
				72E9AF4E2EA5D45C003DB4F6 /* WeatherClient.swift in Sources */,
				72E9AE782E9F7BAB003DB4F6 /* ProfileReducer.swift in Sources */,
				72DDBC572EA934320020E9C7 /* CalendarView.swift in Sources */,
				72E9AE6D2E9F6FB1003DB4F6 /* TabbarReducer.swift in Sources */,
				72E9AE412E9F6B8D003DB4F6 /* ProfileView.swift in Sources */,
				723F5CFB2E9B75D500E6AA23 /* AppText.swift in Sources */,
				72E9AE6F2E9F7020003DB4F6 /* TabbarComponent.swift in Sources */,
				7289FCB62E98CA5400595EF7 /* LockRunApp.swift in Sources */,
			);
			runOnlyForDeploymentPostprocessing = 0;
		};
		7289FC7F2E98B84400595EF7 /* Sources */ = {
			isa = PBXSourcesBuildPhase;
			buildActionMask = 2147483647;
			files = (
			);
			runOnlyForDeploymentPostprocessing = 0;
		};
		7289FC892E98B84400595EF7 /* Sources */ = {
			isa = PBXSourcesBuildPhase;
			buildActionMask = 2147483647;
			files = (
			);
			runOnlyForDeploymentPostprocessing = 0;
		};
		7289FCED2E98DC6A00595EF7 /* Sources */ = {
			isa = PBXSourcesBuildPhase;
			buildActionMask = 2147483647;
			files = (
				72E9AEAF2EA3E58B003DB4F6 /* AppGroup.swift in Sources */,
				72E9AEAE2EA3E50C003DB4F6 /* StoredBlockSelection.swift in Sources */,
			);
			runOnlyForDeploymentPostprocessing = 0;
		};
		7289FD022E98DC8B00595EF7 /* Sources */ = {
			isa = PBXSourcesBuildPhase;
			buildActionMask = 2147483647;
			files = (
			);
			runOnlyForDeploymentPostprocessing = 0;
		};
		72D0D8872EAB355E000F155C /* Sources */ = {
			isa = PBXSourcesBuildPhase;
			buildActionMask = 2147483647;
			files = (
			);
			runOnlyForDeploymentPostprocessing = 0;
		};
/* End PBXSourcesBuildPhase section */

/* Begin PBXTargetDependency section */
		7289FC852E98B84400595EF7 /* PBXTargetDependency */ = {
			isa = PBXTargetDependency;
			target = 7289FC732E98B84200595EF7 /* LockRun */;
			targetProxy = 7289FC842E98B84400595EF7 /* PBXContainerItemProxy */;
		};
		7289FC8F2E98B84400595EF7 /* PBXTargetDependency */ = {
			isa = PBXTargetDependency;
			target = 7289FC732E98B84200595EF7 /* LockRun */;
			targetProxy = 7289FC8E2E98B84400595EF7 /* PBXContainerItemProxy */;
		};
		7289FCFB2E98DC6B00595EF7 /* PBXTargetDependency */ = {
			isa = PBXTargetDependency;
			target = 7289FCF02E98DC6A00595EF7 /* ActivityMo */;
			targetProxy = 7289FCFA2E98DC6B00595EF7 /* PBXContainerItemProxy */;
		};
		7289FD112E98DC8B00595EF7 /* PBXTargetDependency */ = {
			isa = PBXTargetDependency;
			target = 7289FD052E98DC8B00595EF7 /* ActivityRe */;
			targetProxy = 7289FD102E98DC8B00595EF7 /* PBXContainerItemProxy */;
		};
		72D0D8962EAB355F000F155C /* PBXTargetDependency */ = {
			isa = PBXTargetDependency;
			target = 72D0D88A2EAB355E000F155C /* ShieldConfiguration */;
			targetProxy = 72D0D8952EAB355F000F155C /* PBXContainerItemProxy */;
		};
/* End PBXTargetDependency section */

/* Begin XCBuildConfiguration section */
		7289FC952E98B84400595EF7 /* Debug */ = {
			isa = XCBuildConfiguration;
			buildSettings = {
				ALWAYS_SEARCH_USER_PATHS = NO;
				ASSETCATALOG_COMPILER_GENERATE_SWIFT_ASSET_SYMBOL_EXTENSIONS = YES;
				CLANG_ANALYZER_NONNULL = YES;
				CLANG_ANALYZER_NUMBER_OBJECT_CONVERSION = YES_AGGRESSIVE;
				CLANG_CXX_LANGUAGE_STANDARD = "gnu++20";
				CLANG_ENABLE_MODULES = YES;
				CLANG_ENABLE_OBJC_ARC = YES;
				CLANG_ENABLE_OBJC_WEAK = YES;
				CLANG_WARN_BLOCK_CAPTURE_AUTORELEASING = YES;
				CLANG_WARN_BOOL_CONVERSION = YES;
				CLANG_WARN_COMMA = YES;
				CLANG_WARN_CONSTANT_CONVERSION = YES;
				CLANG_WARN_DEPRECATED_OBJC_IMPLEMENTATIONS = YES;
				CLANG_WARN_DIRECT_OBJC_ISA_USAGE = YES_ERROR;
				CLANG_WARN_DOCUMENTATION_COMMENTS = YES;
				CLANG_WARN_EMPTY_BODY = YES;
				CLANG_WARN_ENUM_CONVERSION = YES;
				CLANG_WARN_INFINITE_RECURSION = YES;
				CLANG_WARN_INT_CONVERSION = YES;
				CLANG_WARN_NON_LITERAL_NULL_CONVERSION = YES;
				CLANG_WARN_OBJC_IMPLICIT_RETAIN_SELF = YES;
				CLANG_WARN_OBJC_LITERAL_CONVERSION = YES;
				CLANG_WARN_OBJC_ROOT_CLASS = YES_ERROR;
				CLANG_WARN_QUOTED_INCLUDE_IN_FRAMEWORK_HEADER = YES;
				CLANG_WARN_RANGE_LOOP_ANALYSIS = YES;
				CLANG_WARN_STRICT_PROTOTYPES = YES;
				CLANG_WARN_SUSPICIOUS_MOVE = YES;
				CLANG_WARN_UNGUARDED_AVAILABILITY = YES_AGGRESSIVE;
				CLANG_WARN_UNREACHABLE_CODE = YES;
				CLANG_WARN__DUPLICATE_METHOD_MATCH = YES;
				COPY_PHASE_STRIP = NO;
				DEBUG_INFORMATION_FORMAT = dwarf;
				DEVELOPMENT_TEAM = QQN262X7KM;
				ENABLE_STRICT_OBJC_MSGSEND = YES;
				ENABLE_TESTABILITY = YES;
				ENABLE_USER_SCRIPT_SANDBOXING = YES;
				GCC_C_LANGUAGE_STANDARD = gnu17;
				GCC_DYNAMIC_NO_PIC = NO;
				GCC_NO_COMMON_BLOCKS = YES;
				GCC_OPTIMIZATION_LEVEL = 0;
				GCC_PREPROCESSOR_DEFINITIONS = (
					"DEBUG=1",
					"$(inherited)",
				);
				GCC_WARN_64_TO_32_BIT_CONVERSION = YES;
				GCC_WARN_ABOUT_RETURN_TYPE = YES_ERROR;
				GCC_WARN_UNDECLARED_SELECTOR = YES;
				GCC_WARN_UNINITIALIZED_AUTOS = YES_AGGRESSIVE;
				GCC_WARN_UNUSED_FUNCTION = YES;
				GCC_WARN_UNUSED_VARIABLE = YES;
				IPHONEOS_DEPLOYMENT_TARGET = 18.5;
				LOCALIZATION_PREFERS_STRING_CATALOGS = YES;
				MTL_ENABLE_DEBUG_INFO = INCLUDE_SOURCE;
				MTL_FAST_MATH = YES;
				ONLY_ACTIVE_ARCH = YES;
				SDKROOT = iphoneos;
				SWIFT_ACTIVE_COMPILATION_CONDITIONS = "DEBUG $(inherited)";
				SWIFT_OPTIMIZATION_LEVEL = "-Onone";
			};
			name = Debug;
		};
		7289FC962E98B84400595EF7 /* Release */ = {
			isa = XCBuildConfiguration;
			buildSettings = {
				ALWAYS_SEARCH_USER_PATHS = NO;
				ASSETCATALOG_COMPILER_GENERATE_SWIFT_ASSET_SYMBOL_EXTENSIONS = YES;
				CLANG_ANALYZER_NONNULL = YES;
				CLANG_ANALYZER_NUMBER_OBJECT_CONVERSION = YES_AGGRESSIVE;
				CLANG_CXX_LANGUAGE_STANDARD = "gnu++20";
				CLANG_ENABLE_MODULES = YES;
				CLANG_ENABLE_OBJC_ARC = YES;
				CLANG_ENABLE_OBJC_WEAK = YES;
				CLANG_WARN_BLOCK_CAPTURE_AUTORELEASING = YES;
				CLANG_WARN_BOOL_CONVERSION = YES;
				CLANG_WARN_COMMA = YES;
				CLANG_WARN_CONSTANT_CONVERSION = YES;
				CLANG_WARN_DEPRECATED_OBJC_IMPLEMENTATIONS = YES;
				CLANG_WARN_DIRECT_OBJC_ISA_USAGE = YES_ERROR;
				CLANG_WARN_DOCUMENTATION_COMMENTS = YES;
				CLANG_WARN_EMPTY_BODY = YES;
				CLANG_WARN_ENUM_CONVERSION = YES;
				CLANG_WARN_INFINITE_RECURSION = YES;
				CLANG_WARN_INT_CONVERSION = YES;
				CLANG_WARN_NON_LITERAL_NULL_CONVERSION = YES;
				CLANG_WARN_OBJC_IMPLICIT_RETAIN_SELF = YES;
				CLANG_WARN_OBJC_LITERAL_CONVERSION = YES;
				CLANG_WARN_OBJC_ROOT_CLASS = YES_ERROR;
				CLANG_WARN_QUOTED_INCLUDE_IN_FRAMEWORK_HEADER = YES;
				CLANG_WARN_RANGE_LOOP_ANALYSIS = YES;
				CLANG_WARN_STRICT_PROTOTYPES = YES;
				CLANG_WARN_SUSPICIOUS_MOVE = YES;
				CLANG_WARN_UNGUARDED_AVAILABILITY = YES_AGGRESSIVE;
				CLANG_WARN_UNREACHABLE_CODE = YES;
				CLANG_WARN__DUPLICATE_METHOD_MATCH = YES;
				COPY_PHASE_STRIP = NO;
				DEBUG_INFORMATION_FORMAT = "dwarf-with-dsym";
				DEVELOPMENT_TEAM = QQN262X7KM;
				ENABLE_NS_ASSERTIONS = NO;
				ENABLE_STRICT_OBJC_MSGSEND = YES;
				ENABLE_USER_SCRIPT_SANDBOXING = YES;
				GCC_C_LANGUAGE_STANDARD = gnu17;
				GCC_NO_COMMON_BLOCKS = YES;
				GCC_WARN_64_TO_32_BIT_CONVERSION = YES;
				GCC_WARN_ABOUT_RETURN_TYPE = YES_ERROR;
				GCC_WARN_UNDECLARED_SELECTOR = YES;
				GCC_WARN_UNINITIALIZED_AUTOS = YES_AGGRESSIVE;
				GCC_WARN_UNUSED_FUNCTION = YES;
				GCC_WARN_UNUSED_VARIABLE = YES;
				IPHONEOS_DEPLOYMENT_TARGET = 18.5;
				LOCALIZATION_PREFERS_STRING_CATALOGS = YES;
				MTL_ENABLE_DEBUG_INFO = NO;
				MTL_FAST_MATH = YES;
				SDKROOT = iphoneos;
				SWIFT_COMPILATION_MODE = wholemodule;
				VALIDATE_PRODUCT = YES;
			};
			name = Release;
		};
		7289FC982E98B84400595EF7 /* Debug */ = {
			isa = XCBuildConfiguration;
			buildSettings = {
				ASSETCATALOG_COMPILER_APPICON_NAME = AppIcon;
				ASSETCATALOG_COMPILER_GLOBAL_ACCENT_COLOR_NAME = AccentColor;
				CODE_SIGN_ENTITLEMENTS = LockRun/LockRun.entitlements;
				CODE_SIGN_STYLE = Automatic;
				CURRENT_PROJECT_VERSION = 1;
				DEVELOPMENT_TEAM = QQN262X7KM;
				ENABLE_PREVIEWS = YES;
				GENERATE_INFOPLIST_FILE = YES;
				INFOPLIST_FILE = LockRun/Info.plist;
				INFOPLIST_KEY_NSCameraUsageDescription = "내가 뛴 인증샷을 남기기 위해 카메라 접근이 필요합니다.";
				INFOPLIST_KEY_NSLocationAlwaysAndWhenInUseUsageDescription = "백그라운드에서도 러닝 거리를 측정하고 목표 달성 여부를 확인하기 위해 위치 정보가 필요합니다.";
				INFOPLIST_KEY_NSLocationAlwaysUsageDescription = "앱이 실행되지 않을 때에도 달린 거리를 기록하기 위해 위치 정보가 필요합니다.";
				INFOPLIST_KEY_NSLocationWhenInUseUsageDescription = "앱을 사용하는 동안 달린 거리를 측정하기 위해 위치 정보가 필요합니다.";
				INFOPLIST_KEY_NSMotionUsageDescription = "러닝 중 걸음 수와 속도를 측정하기 위해 모션 데이터를 사용합니다.";
				INFOPLIST_KEY_UIApplicationSceneManifest_Generation = YES;
				INFOPLIST_KEY_UIApplicationSupportsIndirectInputEvents = YES;
				INFOPLIST_KEY_UILaunchScreen_Generation = YES;
				INFOPLIST_KEY_UISupportedInterfaceOrientations = UIInterfaceOrientationPortrait;
				INFOPLIST_KEY_UISupportedInterfaceOrientations_iPad = UIInterfaceOrientationPortrait;
				IPHONEOS_DEPLOYMENT_TARGET = 18.0;
				LD_RUNPATH_SEARCH_PATHS = (
					"$(inherited)",
					"@executable_path/Frameworks",
				);
				MARKETING_VERSION = 1.0;
				PRODUCT_BUNDLE_IDENTIFIER = com.Jun.LockRun;
				PRODUCT_NAME = "$(TARGET_NAME)";
				SUPPORTED_PLATFORMS = "iphoneos iphonesimulator";
				SUPPORTS_MACCATALYST = NO;
				SUPPORTS_MAC_DESIGNED_FOR_IPHONE_IPAD = NO;
				SUPPORTS_XR_DESIGNED_FOR_IPHONE_IPAD = NO;
				SWIFT_EMIT_LOC_STRINGS = YES;
				SWIFT_VERSION = 5.0;
				TARGETED_DEVICE_FAMILY = 1;
			};
			name = Debug;
		};
		7289FC992E98B84400595EF7 /* Release */ = {
			isa = XCBuildConfiguration;
			buildSettings = {
				ASSETCATALOG_COMPILER_APPICON_NAME = AppIcon;
				ASSETCATALOG_COMPILER_GLOBAL_ACCENT_COLOR_NAME = AccentColor;
				CODE_SIGN_ENTITLEMENTS = LockRun/LockRun.entitlements;
				CODE_SIGN_STYLE = Automatic;
				CURRENT_PROJECT_VERSION = 1;
				DEVELOPMENT_TEAM = QQN262X7KM;
				ENABLE_PREVIEWS = YES;
				GENERATE_INFOPLIST_FILE = YES;
				INFOPLIST_FILE = LockRun/Info.plist;
				INFOPLIST_KEY_NSCameraUsageDescription = "내가 뛴 인증샷을 남기기 위해 카메라 접근이 필요합니다.";
				INFOPLIST_KEY_NSLocationAlwaysAndWhenInUseUsageDescription = "백그라운드에서도 러닝 거리를 측정하고 목표 달성 여부를 확인하기 위해 위치 정보가 필요합니다.";
				INFOPLIST_KEY_NSLocationAlwaysUsageDescription = "앱이 실행되지 않을 때에도 달린 거리를 기록하기 위해 위치 정보가 필요합니다.";
				INFOPLIST_KEY_NSLocationWhenInUseUsageDescription = "앱을 사용하는 동안 달린 거리를 측정하기 위해 위치 정보가 필요합니다.";
				INFOPLIST_KEY_NSMotionUsageDescription = "러닝 중 걸음 수와 속도를 측정하기 위해 모션 데이터를 사용합니다.";
				INFOPLIST_KEY_UIApplicationSceneManifest_Generation = YES;
				INFOPLIST_KEY_UIApplicationSupportsIndirectInputEvents = YES;
				INFOPLIST_KEY_UILaunchScreen_Generation = YES;
				INFOPLIST_KEY_UISupportedInterfaceOrientations = UIInterfaceOrientationPortrait;
				INFOPLIST_KEY_UISupportedInterfaceOrientations_iPad = UIInterfaceOrientationPortrait;
				IPHONEOS_DEPLOYMENT_TARGET = 18.0;
				LD_RUNPATH_SEARCH_PATHS = (
					"$(inherited)",
					"@executable_path/Frameworks",
				);
				MARKETING_VERSION = 1.0;
				PRODUCT_BUNDLE_IDENTIFIER = com.Jun.LockRun;
				PRODUCT_NAME = "$(TARGET_NAME)";
				SUPPORTED_PLATFORMS = "iphoneos iphonesimulator";
				SUPPORTS_MACCATALYST = NO;
				SUPPORTS_MAC_DESIGNED_FOR_IPHONE_IPAD = NO;
				SUPPORTS_XR_DESIGNED_FOR_IPHONE_IPAD = NO;
				SWIFT_EMIT_LOC_STRINGS = YES;
				SWIFT_VERSION = 5.0;
				TARGETED_DEVICE_FAMILY = 1;
			};
			name = Release;
		};
		7289FC9B2E98B84400595EF7 /* Debug */ = {
			isa = XCBuildConfiguration;
			buildSettings = {
				BUNDLE_LOADER = "$(TEST_HOST)";
				CODE_SIGN_STYLE = Automatic;
				CURRENT_PROJECT_VERSION = 1;
				DEVELOPMENT_TEAM = QQN262X7KM;
				GENERATE_INFOPLIST_FILE = YES;
				IPHONEOS_DEPLOYMENT_TARGET = 18.5;
				MARKETING_VERSION = 1.0;
				PRODUCT_BUNDLE_IDENTIFIER = com.Jun.LockRunTests;
				PRODUCT_NAME = "$(TARGET_NAME)";
				SWIFT_EMIT_LOC_STRINGS = NO;
				SWIFT_VERSION = 5.0;
				TARGETED_DEVICE_FAMILY = "1,2";
				TEST_HOST = "$(BUILT_PRODUCTS_DIR)/LockRun.app/$(BUNDLE_EXECUTABLE_FOLDER_PATH)/LockRun";
			};
			name = Debug;
		};
		7289FC9C2E98B84400595EF7 /* Release */ = {
			isa = XCBuildConfiguration;
			buildSettings = {
				BUNDLE_LOADER = "$(TEST_HOST)";
				CODE_SIGN_STYLE = Automatic;
				CURRENT_PROJECT_VERSION = 1;
				DEVELOPMENT_TEAM = QQN262X7KM;
				GENERATE_INFOPLIST_FILE = YES;
				IPHONEOS_DEPLOYMENT_TARGET = 18.5;
				MARKETING_VERSION = 1.0;
				PRODUCT_BUNDLE_IDENTIFIER = com.Jun.LockRunTests;
				PRODUCT_NAME = "$(TARGET_NAME)";
				SWIFT_EMIT_LOC_STRINGS = NO;
				SWIFT_VERSION = 5.0;
				TARGETED_DEVICE_FAMILY = "1,2";
				TEST_HOST = "$(BUILT_PRODUCTS_DIR)/LockRun.app/$(BUNDLE_EXECUTABLE_FOLDER_PATH)/LockRun";
			};
			name = Release;
		};
		7289FC9E2E98B84400595EF7 /* Debug */ = {
			isa = XCBuildConfiguration;
			buildSettings = {
				CODE_SIGN_STYLE = Automatic;
				CURRENT_PROJECT_VERSION = 1;
				DEVELOPMENT_TEAM = QQN262X7KM;
				GENERATE_INFOPLIST_FILE = YES;
				MARKETING_VERSION = 1.0;
				PRODUCT_BUNDLE_IDENTIFIER = com.Jun.LockRunUITests;
				PRODUCT_NAME = "$(TARGET_NAME)";
				SWIFT_EMIT_LOC_STRINGS = NO;
				SWIFT_VERSION = 5.0;
				TARGETED_DEVICE_FAMILY = "1,2";
				TEST_TARGET_NAME = LockRun;
			};
			name = Debug;
		};
		7289FC9F2E98B84400595EF7 /* Release */ = {
			isa = XCBuildConfiguration;
			buildSettings = {
				CODE_SIGN_STYLE = Automatic;
				CURRENT_PROJECT_VERSION = 1;
				DEVELOPMENT_TEAM = QQN262X7KM;
				GENERATE_INFOPLIST_FILE = YES;
				MARKETING_VERSION = 1.0;
				PRODUCT_BUNDLE_IDENTIFIER = com.Jun.LockRunUITests;
				PRODUCT_NAME = "$(TARGET_NAME)";
				SWIFT_EMIT_LOC_STRINGS = NO;
				SWIFT_VERSION = 5.0;
				TARGETED_DEVICE_FAMILY = "1,2";
				TEST_TARGET_NAME = LockRun;
			};
			name = Release;
		};
		7289FCFF2E98DC6B00595EF7 /* Debug */ = {
			isa = XCBuildConfiguration;
			buildSettings = {
				CODE_SIGN_ENTITLEMENTS = ActivityMo/ActivityMo.entitlements;
				CODE_SIGN_STYLE = Automatic;
				CURRENT_PROJECT_VERSION = 1;
				DEVELOPMENT_TEAM = QQN262X7KM;
				GENERATE_INFOPLIST_FILE = YES;
				INFOPLIST_FILE = ActivityMo/Info.plist;
				INFOPLIST_KEY_CFBundleDisplayName = ActivityMo;
				INFOPLIST_KEY_NSHumanReadableCopyright = "";
				LD_RUNPATH_SEARCH_PATHS = (
					"$(inherited)",
					"@executable_path/Frameworks",
					"@executable_path/../../Frameworks",
				);
				MARKETING_VERSION = 1.0;
				PRODUCT_BUNDLE_IDENTIFIER = com.Jun.LockRun.ActivityMo;
				PRODUCT_NAME = "$(TARGET_NAME)";
				SKIP_INSTALL = YES;
				SWIFT_EMIT_LOC_STRINGS = YES;
				SWIFT_VERSION = 5.0;
				TARGETED_DEVICE_FAMILY = "1,2";
			};
			name = Debug;
		};
		7289FD002E98DC6B00595EF7 /* Release */ = {
			isa = XCBuildConfiguration;
			buildSettings = {
				CODE_SIGN_ENTITLEMENTS = ActivityMo/ActivityMo.entitlements;
				CODE_SIGN_STYLE = Automatic;
				CURRENT_PROJECT_VERSION = 1;
				DEVELOPMENT_TEAM = QQN262X7KM;
				GENERATE_INFOPLIST_FILE = YES;
				INFOPLIST_FILE = ActivityMo/Info.plist;
				INFOPLIST_KEY_CFBundleDisplayName = ActivityMo;
				INFOPLIST_KEY_NSHumanReadableCopyright = "";
				LD_RUNPATH_SEARCH_PATHS = (
					"$(inherited)",
					"@executable_path/Frameworks",
					"@executable_path/../../Frameworks",
				);
				MARKETING_VERSION = 1.0;
				PRODUCT_BUNDLE_IDENTIFIER = com.Jun.LockRun.ActivityMo;
				PRODUCT_NAME = "$(TARGET_NAME)";
				SKIP_INSTALL = YES;
				SWIFT_EMIT_LOC_STRINGS = YES;
				SWIFT_VERSION = 5.0;
				TARGETED_DEVICE_FAMILY = "1,2";
			};
			name = Release;
		};
		7289FD152E98DC8B00595EF7 /* Debug */ = {
			isa = XCBuildConfiguration;
			buildSettings = {
				CODE_SIGN_ENTITLEMENTS = ActivityRe/ActivityRe.entitlements;
				CODE_SIGN_STYLE = Automatic;
				CURRENT_PROJECT_VERSION = 1;
				DEVELOPMENT_TEAM = QQN262X7KM;
				GENERATE_INFOPLIST_FILE = YES;
				INFOPLIST_FILE = ActivityRe/Info.plist;
				INFOPLIST_KEY_CFBundleDisplayName = ActivityRe;
				INFOPLIST_KEY_NSHumanReadableCopyright = "";
				LD_RUNPATH_SEARCH_PATHS = (
					"$(inherited)",
					"@executable_path/Frameworks",
					"@executable_path/../../Frameworks",
				);
				MARKETING_VERSION = 1.0;
				PRODUCT_BUNDLE_IDENTIFIER = com.Jun.LockRun.ActivityRe;
				PRODUCT_NAME = "$(TARGET_NAME)";
				SKIP_INSTALL = YES;
				SWIFT_EMIT_LOC_STRINGS = YES;
				SWIFT_VERSION = 5.0;
				TARGETED_DEVICE_FAMILY = "1,2";
			};
			name = Debug;
		};
		7289FD162E98DC8B00595EF7 /* Release */ = {
			isa = XCBuildConfiguration;
			buildSettings = {
				CODE_SIGN_ENTITLEMENTS = ActivityRe/ActivityRe.entitlements;
				CODE_SIGN_STYLE = Automatic;
				CURRENT_PROJECT_VERSION = 1;
				DEVELOPMENT_TEAM = QQN262X7KM;
				GENERATE_INFOPLIST_FILE = YES;
				INFOPLIST_FILE = ActivityRe/Info.plist;
				INFOPLIST_KEY_CFBundleDisplayName = ActivityRe;
				INFOPLIST_KEY_NSHumanReadableCopyright = "";
				LD_RUNPATH_SEARCH_PATHS = (
					"$(inherited)",
					"@executable_path/Frameworks",
					"@executable_path/../../Frameworks",
				);
				MARKETING_VERSION = 1.0;
				PRODUCT_BUNDLE_IDENTIFIER = com.Jun.LockRun.ActivityRe;
				PRODUCT_NAME = "$(TARGET_NAME)";
				SKIP_INSTALL = YES;
				SWIFT_EMIT_LOC_STRINGS = YES;
				SWIFT_VERSION = 5.0;
				TARGETED_DEVICE_FAMILY = "1,2";
			};
			name = Release;
		};
		72D0D8992EAB355F000F155C /* Debug */ = {
			isa = XCBuildConfiguration;
			buildSettings = {
				CODE_SIGN_ENTITLEMENTS = ShieldConfiguration/ShieldConfiguration.entitlements;
				CODE_SIGN_STYLE = Automatic;
				CURRENT_PROJECT_VERSION = 1;
				DEVELOPMENT_TEAM = QQN262X7KM;
				GENERATE_INFOPLIST_FILE = YES;
				INFOPLIST_FILE = ShieldConfiguration/Info.plist;
				INFOPLIST_KEY_CFBundleDisplayName = ShieldConfiguration;
				INFOPLIST_KEY_NSHumanReadableCopyright = "";
				LD_RUNPATH_SEARCH_PATHS = (
					"$(inherited)",
					"@executable_path/Frameworks",
					"@executable_path/../../Frameworks",
				);
				MARKETING_VERSION = 1.0;
				PRODUCT_BUNDLE_IDENTIFIER = com.Jun.LockRun.ShieldConfiguration;
				PRODUCT_NAME = "$(TARGET_NAME)";
				SKIP_INSTALL = YES;
				SWIFT_EMIT_LOC_STRINGS = YES;
				SWIFT_VERSION = 5.0;
				TARGETED_DEVICE_FAMILY = "1,2";
			};
			name = Debug;
		};
		72D0D89A2EAB355F000F155C /* Release */ = {
			isa = XCBuildConfiguration;
			buildSettings = {
				CODE_SIGN_ENTITLEMENTS = ShieldConfiguration/ShieldConfiguration.entitlements;
				CODE_SIGN_STYLE = Automatic;
				CURRENT_PROJECT_VERSION = 1;
				DEVELOPMENT_TEAM = QQN262X7KM;
				GENERATE_INFOPLIST_FILE = YES;
				INFOPLIST_FILE = ShieldConfiguration/Info.plist;
				INFOPLIST_KEY_CFBundleDisplayName = ShieldConfiguration;
				INFOPLIST_KEY_NSHumanReadableCopyright = "";
				LD_RUNPATH_SEARCH_PATHS = (
					"$(inherited)",
					"@executable_path/Frameworks",
					"@executable_path/../../Frameworks",
				);
				MARKETING_VERSION = 1.0;
				PRODUCT_BUNDLE_IDENTIFIER = com.Jun.LockRun.ShieldConfiguration;
				PRODUCT_NAME = "$(TARGET_NAME)";
				SKIP_INSTALL = YES;
				SWIFT_EMIT_LOC_STRINGS = YES;
				SWIFT_VERSION = 5.0;
				TARGETED_DEVICE_FAMILY = "1,2";
			};
			name = Release;
		};
/* End XCBuildConfiguration section */

/* Begin XCConfigurationList section */
		7289FC6F2E98B84200595EF7 /* Build configuration list for PBXProject "LockRun" */ = {
			isa = XCConfigurationList;
			buildConfigurations = (
				7289FC952E98B84400595EF7 /* Debug */,
				7289FC962E98B84400595EF7 /* Release */,
			);
			defaultConfigurationIsVisible = 0;
			defaultConfigurationName = Release;
		};
		7289FC972E98B84400595EF7 /* Build configuration list for PBXNativeTarget "LockRun" */ = {
			isa = XCConfigurationList;
			buildConfigurations = (
				7289FC982E98B84400595EF7 /* Debug */,
				7289FC992E98B84400595EF7 /* Release */,
			);
			defaultConfigurationIsVisible = 0;
			defaultConfigurationName = Release;
		};
		7289FC9A2E98B84400595EF7 /* Build configuration list for PBXNativeTarget "LockRunTests" */ = {
			isa = XCConfigurationList;
			buildConfigurations = (
				7289FC9B2E98B84400595EF7 /* Debug */,
				7289FC9C2E98B84400595EF7 /* Release */,
			);
			defaultConfigurationIsVisible = 0;
			defaultConfigurationName = Release;
		};
		7289FC9D2E98B84400595EF7 /* Build configuration list for PBXNativeTarget "LockRunUITests" */ = {
			isa = XCConfigurationList;
			buildConfigurations = (
				7289FC9E2E98B84400595EF7 /* Debug */,
				7289FC9F2E98B84400595EF7 /* Release */,
			);
			defaultConfigurationIsVisible = 0;
			defaultConfigurationName = Release;
		};
		7289FCFE2E98DC6B00595EF7 /* Build configuration list for PBXNativeTarget "ActivityMo" */ = {
			isa = XCConfigurationList;
			buildConfigurations = (
				7289FCFF2E98DC6B00595EF7 /* Debug */,
				7289FD002E98DC6B00595EF7 /* Release */,
			);
			defaultConfigurationIsVisible = 0;
			defaultConfigurationName = Release;
		};
		7289FD142E98DC8B00595EF7 /* Build configuration list for PBXNativeTarget "ActivityRe" */ = {
			isa = XCConfigurationList;
			buildConfigurations = (
				7289FD152E98DC8B00595EF7 /* Debug */,
				7289FD162E98DC8B00595EF7 /* Release */,
			);
			defaultConfigurationIsVisible = 0;
			defaultConfigurationName = Release;
		};
		72D0D8982EAB355F000F155C /* Build configuration list for PBXNativeTarget "ShieldConfiguration" */ = {
			isa = XCConfigurationList;
			buildConfigurations = (
				72D0D8992EAB355F000F155C /* Debug */,
				72D0D89A2EAB355F000F155C /* Release */,
			);
			defaultConfigurationIsVisible = 0;
			defaultConfigurationName = Release;
		};
/* End XCConfigurationList section */

/* Begin XCRemoteSwiftPackageReference section */
		7289FD1D2E99408500595EF7 /* XCRemoteSwiftPackageReference "swift-composable-architecture" */ = {
			isa = XCRemoteSwiftPackageReference;
			repositoryURL = "https://github.com/pointfreeco/swift-composable-architecture.git";
			requirement = {
				kind = upToNextMajorVersion;
				minimumVersion = 1.22.3;
			};
		};
/* End XCRemoteSwiftPackageReference section */

/* Begin XCSwiftPackageProductDependency section */
		7289FD1E2E99408500595EF7 /* ComposableArchitecture */ = {
			isa = XCSwiftPackageProductDependency;
			package = 7289FD1D2E99408500595EF7 /* XCRemoteSwiftPackageReference "swift-composable-architecture" */;
			productName = ComposableArchitecture;
		};
/* End XCSwiftPackageProductDependency section */
	};
	rootObject = 7289FC6C2E98B84200595EF7 /* Project object */;
}
